
Microsoft Visual Studio Solution File, Format Version 12.00
# Visual Studio 2013
VisualStudioVersion = 12.0.21005.1
MinimumVisualStudioVersion = 10.0.40219.1
Project("{8BC9CEB8-8B4A-11D0-8D11-00A0C91BC942}") = "UVa753", "UVa753.vcxproj", "{395BEE66-9F04-4096-90D8-FB00A7736F06}"
EndProject
Global
	GlobalSection(SolutionConfigurationPlatforms) = preSolution
		Debug|Win32 = Debug|Win32
		Release|Win32 = Release|Win32
	EndGlobalSection
	GlobalSection(ProjectConfigurationPlatforms) = postSolution
		{395BEE66-9F04-4096-90D8-FB00A7736F06}.Debug|Win32.ActiveCfg = Debug|Win32
		{395BEE66-9F04-4096-90D8-FB00A7736F06}.Debug|Win32.Build.0 = Debug|Win32
		{395BEE66-9F04-4096-90D8-FB00A7736F06}.Release|Win32.ActiveCfg = Release|Win32
		{395BEE66-9F04-4096-90D8-FB00A7736F06}.Release|Win32.Build.0 = Release|Win32
	EndGlobalSection
	GlobalSection(SolutionProperties) = preSolution
		HideSolutionNode = FALSE
	EndGlobalSection
EndGlobal
