
Microsoft Visual Studio Solution File, Format Version 12.00
# Visual Studio 2013
VisualStudioVersion = 12.0.21005.1
MinimumVisualStudioVersion = 10.0.40219.1
Project("{8BC9CEB8-8B4A-11D0-8D11-00A0C91BC942}") = "UVa1637", "UVa1637.vcxproj", "{ECFC7FB8-99C9-40E4-96FB-0C7145E3E00D}"
EndProject
Global
	GlobalSection(SolutionConfigurationPlatforms) = preSolution
		Debug|Win32 = Debug|Win32
		Release|Win32 = Release|Win32
	EndGlobalSection
	GlobalSection(ProjectConfigurationPlatforms) = postSolution
		{ECFC7FB8-99C9-40E4-96FB-0C7145E3E00D}.Debug|Win32.ActiveCfg = Debug|Win32
		{ECFC7FB8-99C9-40E4-96FB-0C7145E3E00D}.Debug|Win32.Build.0 = Debug|Win32
		{ECFC7FB8-99C9-40E4-96FB-0C7145E3E00D}.Release|Win32.ActiveCfg = Release|Win32
		{ECFC7FB8-99C9-40E4-96FB-0C7145E3E00D}.Release|Win32.Build.0 = Release|Win32
	EndGlobalSection
	GlobalSection(SolutionProperties) = preSolution
		HideSolutionNode = FALSE
	EndGlobalSection
EndGlobal
