
Microsoft Visual Studio Solution File, Format Version 12.00
# Visual Studio 2013
VisualStudioVersion = 12.0.21005.1
MinimumVisualStudioVersion = 10.0.40219.1
Project("{8BC9CEB8-8B4A-11D0-8D11-00A0C91BC942}") = "UVa11971", "UVa11971.vcxproj", "{74F6BD26-C5C2-4929-9D93-5A549B76F3DE}"
EndProject
Global
	GlobalSection(SolutionConfigurationPlatforms) = preSolution
		Debug|Win32 = Debug|Win32
		Release|Win32 = Release|Win32
	EndGlobalSection
	GlobalSection(ProjectConfigurationPlatforms) = postSolution
		{74F6BD26-C5C2-4929-9D93-5A549B76F3DE}.Debug|Win32.ActiveCfg = Debug|Win32
		{74F6BD26-C5C2-4929-9D93-5A549B76F3DE}.Debug|Win32.Build.0 = Debug|Win32
		{74F6BD26-C5C2-4929-9D93-5A549B76F3DE}.Release|Win32.ActiveCfg = Release|Win32
		{74F6BD26-C5C2-4929-9D93-5A549B76F3DE}.Release|Win32.Build.0 = Release|Win32
	EndGlobalSection
	GlobalSection(SolutionProperties) = preSolution
		HideSolutionNode = FALSE
	EndGlobalSection
EndGlobal
